
Microsoft Visual Studio Solution File, Format Version 12.00
# Visual Studio Version 17
VisualStudioVersion = 17.12.35728.132
MinimumVisualStudioVersion = 10.0.40219.1
Project("{8BC9CEB8-8B4A-11D0-8D11-00A0C91BC942}") = "DataStructures", "DataStructures\DataStructures.vcxproj", "{142950E9-449C-4767-B40E-F71EE6593DF3}"
EndProject
Project("{8BC9CEB8-8B4A-11D0-8D11-00A0C91BC942}") = "DataStructures.Test", "DataStructures.Test\DataStructures.Test.vcxproj", "{3AEBF50E-016B-4050-AF68-D9EE12452D40}"
EndProject
Project("{8BC9CEB8-8B4A-11D0-8D11-00A0C91BC942}") = "GameOfLife", "GameOfLife\GameOfLife.vcxproj", "{44A0023F-7797-49EC-894C-E5CCDD9DA286}"
EndProject
Project("{8BC9CEB8-8B4A-11D0-8D11-00A0C91BC942}") = "LyricsCompressor", "LyricsCompressor\LyricsCompressor.vcxproj", "{28A853D7-12FB-4824-B949-C72166F721CA}"
EndProject
Project("{8BC9CEB8-8B4A-11D0-8D11-00A0C91BC942}") = "Sorting", "Sorting\Sorting.vcxproj", "{86821110-3125-400F-A4EE-2810D3572BAE}"
EndProject
Global
	GlobalSection(SolutionConfigurationPlatforms) = preSolution
		Debug|x64 = Debug|x64
		Debug|x86 = Debug|x86
		Release|x64 = Release|x64
		Release|x86 = Release|x86
	EndGlobalSection
	GlobalSection(ProjectConfigurationPlatforms) = postSolution
		{142950E9-449C-4767-B40E-F71EE6593DF3}.Debug|x64.ActiveCfg = Debug|x64
		{142950E9-449C-4767-B40E-F71EE6593DF3}.Debug|x64.Build.0 = Debug|x64
		{142950E9-449C-4767-B40E-F71EE6593DF3}.Debug|x86.ActiveCfg = Debug|Win32
		{142950E9-449C-4767-B40E-F71EE6593DF3}.Debug|x86.Build.0 = Debug|Win32
		{142950E9-449C-4767-B40E-F71EE6593DF3}.Release|x64.ActiveCfg = Release|x64
		{142950E9-449C-4767-B40E-F71EE6593DF3}.Release|x64.Build.0 = Release|x64
		{142950E9-449C-4767-B40E-F71EE6593DF3}.Release|x86.ActiveCfg = Release|Win32
		{142950E9-449C-4767-B40E-F71EE6593DF3}.Release|x86.Build.0 = Release|Win32
		{3AEBF50E-016B-4050-AF68-D9EE12452D40}.Debug|x64.ActiveCfg = Debug|x64
		{3AEBF50E-016B-4050-AF68-D9EE12452D40}.Debug|x64.Build.0 = Debug|x64
		{3AEBF50E-016B-4050-AF68-D9EE12452D40}.Debug|x86.ActiveCfg = Debug|Win32
		{3AEBF50E-016B-4050-AF68-D9EE12452D40}.Debug|x86.Build.0 = Debug|Win32
		{3AEBF50E-016B-4050-AF68-D9EE12452D40}.Release|x64.ActiveCfg = Release|x64
		{3AEBF50E-016B-4050-AF68-D9EE12452D40}.Release|x64.Build.0 = Release|x64
		{3AEBF50E-016B-4050-AF68-D9EE12452D40}.Release|x86.ActiveCfg = Release|Win32
		{3AEBF50E-016B-4050-AF68-D9EE12452D40}.Release|x86.Build.0 = Release|Win32
		{44A0023F-7797-49EC-894C-E5CCDD9DA286}.Debug|x64.ActiveCfg = Debug|x64
		{44A0023F-7797-49EC-894C-E5CCDD9DA286}.Debug|x64.Build.0 = Debug|x64
		{44A0023F-7797-49EC-894C-E5CCDD9DA286}.Debug|x86.ActiveCfg = Debug|Win32
		{44A0023F-7797-49EC-894C-E5CCDD9DA286}.Debug|x86.Build.0 = Debug|Win32
		{44A0023F-7797-49EC-894C-E5CCDD9DA286}.Release|x64.ActiveCfg = Release|x64
		{44A0023F-7797-49EC-894C-E5CCDD9DA286}.Release|x64.Build.0 = Release|x64
		{44A0023F-7797-49EC-894C-E5CCDD9DA286}.Release|x86.ActiveCfg = Release|Win32
		{44A0023F-7797-49EC-894C-E5CCDD9DA286}.Release|x86.Build.0 = Release|Win32
		{28A853D7-12FB-4824-B949-C72166F721CA}.Debug|x64.ActiveCfg = Debug|x64
		{28A853D7-12FB-4824-B949-C72166F721CA}.Debug|x64.Build.0 = Debug|x64
		{28A853D7-12FB-4824-B949-C72166F721CA}.Debug|x86.ActiveCfg = Debug|Win32
		{28A853D7-12FB-4824-B949-C72166F721CA}.Debug|x86.Build.0 = Debug|Win32
		{28A853D7-12FB-4824-B949-C72166F721CA}.Release|x64.ActiveCfg = Release|x64
		{28A853D7-12FB-4824-B949-C72166F721CA}.Release|x64.Build.0 = Release|x64
		{28A853D7-12FB-4824-B949-C72166F721CA}.Release|x86.ActiveCfg = Release|Win32
		{28A853D7-12FB-4824-B949-C72166F721CA}.Release|x86.Build.0 = Release|Win32
		{86821110-3125-400F-A4EE-2810D3572BAE}.Debug|x64.ActiveCfg = Debug|x64
		{86821110-3125-400F-A4EE-2810D3572BAE}.Debug|x64.Build.0 = Debug|x64
		{86821110-3125-400F-A4EE-2810D3572BAE}.Debug|x86.ActiveCfg = Debug|Win32
		{86821110-3125-400F-A4EE-2810D3572BAE}.Debug|x86.Build.0 = Debug|Win32
		{86821110-3125-400F-A4EE-2810D3572BAE}.Release|x64.ActiveCfg = Release|x64
		{86821110-3125-400F-A4EE-2810D3572BAE}.Release|x64.Build.0 = Release|x64
		{86821110-3125-400F-A4EE-2810D3572BAE}.Release|x86.ActiveCfg = Release|Win32
		{86821110-3125-400F-A4EE-2810D3572BAE}.Release|x86.Build.0 = Release|Win32
	EndGlobalSection
	GlobalSection(SolutionProperties) = preSolution
		HideSolutionNode = FALSE
	EndGlobalSection
EndGlobal
